# This file is automatically @generated by Cargo.
# It is not intended for manual editing.
version = 4

[[package]]
name = "graph_engine"
version = "0.1.0"
dependencies = [
 "tensor_store",
]

[[package]]
name = "relational_engine"
version = "0.1.0"
dependencies = [
 "tensor_store",
]

[[package]]
name = "tensor_store"
version = "0.1.0"
